
Microsoft Visual Studio Solution File, Format Version 12.00
# Visual Studio Version 17
VisualStudioVersion = 17.7.34202.233
MinimumVisualStudioVersion = 10.0.40219.1
Project("{FAE04EC0-301F-11D3-BF4B-00C04F79EFBC}") = "watchdogAlarm", "watchdogAlarm.csproj", "{DEB30648-2187-44C7-B06A-8B8E711C37DD}"
EndProject
Global
	GlobalSection(SolutionConfigurationPlatforms) = preSolution
		Debug|Any CPU = Debug|Any CPU
		Release|Any CPU = Release|Any CPU
	EndGlobalSection
	GlobalSection(ProjectConfigurationPlatforms) = postSolution
		{DEB30648-2187-44C7-B06A-8B8E711C37DD}.Debug|Any CPU.ActiveCfg = Debug|Any CPU
		{DEB30648-2187-44C7-B06A-8B8E711C37DD}.Debug|Any CPU.Build.0 = Debug|Any CPU
		{DEB30648-2187-44C7-B06A-8B8E711C37DD}.Release|Any CPU.ActiveCfg = Release|Any CPU
		{DEB30648-2187-44C7-B06A-8B8E711C37DD}.Release|Any CPU.Build.0 = Release|Any CPU
	EndGlobalSection
	GlobalSection(SolutionProperties) = preSolution
		HideSolutionNode = FALSE
	EndGlobalSection
	GlobalSection(ExtensibilityGlobals) = postSolution
		SolutionGuid = {40A60A76-2123-4986-82FD-22FB878EB7CB}
	EndGlobalSection
EndGlobal
